
Microsoft Visual Studio Solution File, Format Version 12.00
# Visual Studio Version 16
VisualStudioVersion = 16.0.31410.357
MinimumVisualStudioVersion = 10.0.40219.1
Project("{9A19103F-16F7-4668-BE54-9A1E7A4F7556}") = "UniversityApp", "UniversityApp\UniversityApp.csproj", "{2EF9811E-EF2C-4455-89C2-7270F2193C21}"
EndProject
Project("{9A19103F-16F7-4668-BE54-9A1E7A4F7556}") = "UniversityApp.DataAccess", "UniversityApp.DataAccess\UniversityApp.DataAccess.csproj", "{044CECA3-0A31-4368-B458-CF5EF7A914E5}"
EndProject
Project("{9A19103F-16F7-4668-BE54-9A1E7A4F7556}") = "UniversityApp.BussinessLogic", "UniversityApp.BussinessLogic\UniversityApp.BussinessLogic.csproj", "{CCD17E22-AC9E-4060-8D68-8B60E8F6371F}"
EndProject
Project("{9A19103F-16F7-4668-BE54-9A1E7A4F7556}") = "UniversityApp.Tests", "UniversityApp.Tests\UniversityApp.Tests.csproj", "{BC4EBC87-07E4-411D-B0B3-331220EAFED3}"
EndProject
Project("{FAE04EC0-301F-11D3-BF4B-00C04F79EFBC}") = "UniversityApp.BussinessLogic.Tests", "UniversityApp.BussinessLogic.Tests\UniversityApp.BussinessLogic.Tests.csproj", "{F51A0A0E-D15A-4E34-AADC-FE099D288984}"
EndProject
Global
	GlobalSection(SolutionConfigurationPlatforms) = preSolution
		Debug|Any CPU = Debug|Any CPU
		Release|Any CPU = Release|Any CPU
	EndGlobalSection
	GlobalSection(ProjectConfigurationPlatforms) = postSolution
		{2EF9811E-EF2C-4455-89C2-7270F2193C21}.Debug|Any CPU.ActiveCfg = Debug|Any CPU
		{2EF9811E-EF2C-4455-89C2-7270F2193C21}.Debug|Any CPU.Build.0 = Debug|Any CPU
		{2EF9811E-EF2C-4455-89C2-7270F2193C21}.Release|Any CPU.ActiveCfg = Release|Any CPU
		{2EF9811E-EF2C-4455-89C2-7270F2193C21}.Release|Any CPU.Build.0 = Release|Any CPU
		{044CECA3-0A31-4368-B458-CF5EF7A914E5}.Debug|Any CPU.ActiveCfg = Debug|Any CPU
		{044CECA3-0A31-4368-B458-CF5EF7A914E5}.Debug|Any CPU.Build.0 = Debug|Any CPU
		{044CECA3-0A31-4368-B458-CF5EF7A914E5}.Release|Any CPU.ActiveCfg = Release|Any CPU
		{044CECA3-0A31-4368-B458-CF5EF7A914E5}.Release|Any CPU.Build.0 = Release|Any CPU
		{CCD17E22-AC9E-4060-8D68-8B60E8F6371F}.Debug|Any CPU.ActiveCfg = Debug|Any CPU
		{CCD17E22-AC9E-4060-8D68-8B60E8F6371F}.Debug|Any CPU.Build.0 = Debug|Any CPU
		{CCD17E22-AC9E-4060-8D68-8B60E8F6371F}.Release|Any CPU.ActiveCfg = Release|Any CPU
		{CCD17E22-AC9E-4060-8D68-8B60E8F6371F}.Release|Any CPU.Build.0 = Release|Any CPU
		{BC4EBC87-07E4-411D-B0B3-331220EAFED3}.Debug|Any CPU.ActiveCfg = Debug|Any CPU
		{BC4EBC87-07E4-411D-B0B3-331220EAFED3}.Debug|Any CPU.Build.0 = Debug|Any CPU
		{BC4EBC87-07E4-411D-B0B3-331220EAFED3}.Release|Any CPU.ActiveCfg = Release|Any CPU
		{BC4EBC87-07E4-411D-B0B3-331220EAFED3}.Release|Any CPU.Build.0 = Release|Any CPU
		{F51A0A0E-D15A-4E34-AADC-FE099D288984}.Debug|Any CPU.ActiveCfg = Debug|Any CPU
		{F51A0A0E-D15A-4E34-AADC-FE099D288984}.Debug|Any CPU.Build.0 = Debug|Any CPU
		{F51A0A0E-D15A-4E34-AADC-FE099D288984}.Release|Any CPU.ActiveCfg = Release|Any CPU
		{F51A0A0E-D15A-4E34-AADC-FE099D288984}.Release|Any CPU.Build.0 = Release|Any CPU
	EndGlobalSection
	GlobalSection(SolutionProperties) = preSolution
		HideSolutionNode = FALSE
	EndGlobalSection
	GlobalSection(ExtensibilityGlobals) = postSolution
		SolutionGuid = {69FFE169-4AB4-4B8B-84A0-7190D4C8250E}
	EndGlobalSection
EndGlobal
